{
  "requires": true,
  "lockfileVersion": 1,
  "dependencies": {
    "emailjs-com": {
      "version": "2.6.4",
      "resolved": "https://registry.npmjs.org/emailjs-com/-/emailjs-com-2.6.4.tgz",
      "integrity": "sha512-4G8rxq+1mbL4rGntMa9tqNJ4N9BhuCl8lFJASDHxZVXeC82ivwL6qw+Zu48cAWHpNK2/F3vScaAZk8zoTAfiAA=="
    }
  }
}
